
Microsoft Visual Studio Solution File, Format Version 12.00
# Visual Studio Version 16
VisualStudioVersion = 16.0.31112.23
MinimumVisualStudioVersion = 10.0.40219.1
Project("{9A19103F-16F7-4668-BE54-9A1E7A4F7556}") = "AspNet5", "AspNet5\AspNet5.csproj", "{4BD9B808-D417-4F8B-8BF4-8A474C432EDC}"
EndProject
Global
	GlobalSection(SolutionConfigurationPlatforms) = preSolution
		Debug|Any CPU = Debug|Any CPU
		Release|Any CPU = Release|Any CPU
	EndGlobalSection
	GlobalSection(ProjectConfigurationPlatforms) = postSolution
		{4BD9B808-D417-4F8B-8BF4-8A474C432EDC}.Debug|Any CPU.ActiveCfg = Debug|Any CPU
		{4BD9B808-D417-4F8B-8BF4-8A474C432EDC}.Debug|Any CPU.Build.0 = Debug|Any CPU
		{4BD9B808-D417-4F8B-8BF4-8A474C432EDC}.Release|Any CPU.ActiveCfg = Release|Any CPU
		{4BD9B808-D417-4F8B-8BF4-8A474C432EDC}.Release|Any CPU.Build.0 = Release|Any CPU
	EndGlobalSection
	GlobalSection(SolutionProperties) = preSolution
		HideSolutionNode = FALSE
	EndGlobalSection
	GlobalSection(ExtensibilityGlobals) = postSolution
		SolutionGuid = {27681F2C-4608-45F1-9F75-B58EA0E1EACC}
	EndGlobalSection
EndGlobal
